// !$*UTF8*$!
{
	archiveVersion = 1;
	classes = {
	};
	objectVersion = 56;
	objects = {

/* Begin PBXBuildFile section */
		8E69525A2D9F15530048B608 /* EnterNewHighScoreView.swift in Sources */ = {isa = PBXBuildFile; fileRef = 8E6952592D9F15530048B608 /* EnterNewHighScoreView.swift */; };
		8E69525C2D9F19690048B608 /* HighScoreTitle.swift in Sources */ = {isa = PBXBuildFile; fileRef = 8E69525B2D9F19690048B608 /* HighScoreTitle.swift */; };
		8E69525E2D9F19EF0048B608 /* VTextImage.swift in Sources */ = {isa = PBXBuildFile; fileRef = 8E69525D2D9F19EF0048B608 /* VTextImage.swift */; };
		8E6952602D9F1D730048B608 /* RankScoreView.swift in Sources */ = {isa = PBXBuildFile; fileRef = 8E69525F2D9F1D730048B608 /* RankScoreView.swift */; };
		8E6952622D9F202D0048B608 /* NumericExtension.swift in Sources */ = {isa = PBXBuildFile; fileRef = 8E6952612D9F202D0048B608 /* NumericExtension.swift */; };
		8E6952642D9F265B0048B608 /* SelectOptionView.swift in Sources */ = {isa = PBXBuildFile; fileRef = 8E6952632D9F265B0048B608 /* SelectOptionView.swift */; };
		8EB64E182D9E83410006DEC5 /* CoreDataMathGameApp.swift in Sources */ = {isa = PBXBuildFile; fileRef = 8EB64E172D9E83410006DEC5 /* CoreDataMathGameApp.swift */; };
		8EB64E1A2D9E83410006DEC5 /* ContentView.swift in Sources */ = {isa = PBXBuildFile; fileRef = 8EB64E192D9E83410006DEC5 /* ContentView.swift */; };
		8EB64E1C2D9E83420006DEC5 /* Assets.xcassets in Resources */ = {isa = PBXBuildFile; fileRef = 8EB64E1B2D9E83420006DEC5 /* Assets.xcassets */; };
		8EB64E1F2D9E83420006DEC5 /* Preview Assets.xcassets in Resources */ = {isa = PBXBuildFile; fileRef = 8EB64E1E2D9E83420006DEC5 /* Preview Assets.xcassets */; };
		8EB64E2B2D9E8A660006DEC5 /* ImageConstants.swift in Sources */ = {isa = PBXBuildFile; fileRef = 8EB64E2A2D9E8A660006DEC5 /* ImageConstants.swift */; };
		8EB64E2D2D9E8BF70006DEC5 /* TestLocalizations.swift in Sources */ = {isa = PBXBuildFile; fileRef = 8EB64E2C2D9E8BF70006DEC5 /* TestLocalizations.swift */; };
		8EB64E302D9E8CD30006DEC5 /* Localizable.strings in Resources */ = {isa = PBXBuildFile; fileRef = 8EB64E322D9E8CD30006DEC5 /* Localizable.strings */; };
		8EB64E382D9E8DBD0006DEC5 /* HighScores.xcdatamodeld in Sources */ = {isa = PBXBuildFile; fileRef = 8EB64E362D9E8DBD0006DEC5 /* HighScores.xcdatamodeld */; };
		8EB64E3A2D9E8DF90006DEC5 /* HighScoreViewModel.swift in Sources */ = {isa = PBXBuildFile; fileRef = 8EB64E392D9E8DF90006DEC5 /* HighScoreViewModel.swift */; };
		8EB64E3C2D9E8FF60006DEC5 /* PersistentController.swift in Sources */ = {isa = PBXBuildFile; fileRef = 8EB64E3B2D9E8FF60006DEC5 /* PersistentController.swift */; };
		8EB64E3E2D9E94BE0006DEC5 /* ProblemModel.swift in Sources */ = {isa = PBXBuildFile; fileRef = 8EB64E3D2D9E94BE0006DEC5 /* ProblemModel.swift */; };
		8EB64E412D9E98770006DEC5 /* GameModel.swift in Sources */ = {isa = PBXBuildFile; fileRef = 8EB64E402D9E98770006DEC5 /* GameModel.swift */; };
		8EB64E432D9E99EB0006DEC5 /* AdditionGameViewModel.swift in Sources */ = {isa = PBXBuildFile; fileRef = 8EB64E422D9E99EB0006DEC5 /* AdditionGameViewModel.swift */; };
		8EB64E452D9E9F300006DEC5 /* MainBackgroundView.swift in Sources */ = {isa = PBXBuildFile; fileRef = 8EB64E442D9E9F300006DEC5 /* MainBackgroundView.swift */; };
		8EB64E482D9EA04A0006DEC5 /* HighScoreBackgroundView.swift in Sources */ = {isa = PBXBuildFile; fileRef = 8EB64E472D9EA04A0006DEC5 /* HighScoreBackgroundView.swift */; };
		8EB64E4A2D9EA0C00006DEC5 /* AdditionGameView.swift in Sources */ = {isa = PBXBuildFile; fileRef = 8EB64E492D9EA0C00006DEC5 /* AdditionGameView.swift */; };
		8EB64E4C2D9EA1290006DEC5 /* HighScoreView.swift in Sources */ = {isa = PBXBuildFile; fileRef = 8EB64E4B2D9EA1290006DEC5 /* HighScoreView.swift */; };
		8EB64E4E2D9EA1B10006DEC5 /* ScoresLivesView.swift in Sources */ = {isa = PBXBuildFile; fileRef = 8EB64E4D2D9EA1B10006DEC5 /* ScoresLivesView.swift */; };
		8EB64E502D9EA32C0006DEC5 /* TitleValueView.swift in Sources */ = {isa = PBXBuildFile; fileRef = 8EB64E4F2D9EA32C0006DEC5 /* TitleValueView.swift */; };
		8EB64E522D9EA3B40006DEC5 /* LivesView.swift in Sources */ = {isa = PBXBuildFile; fileRef = 8EB64E512D9EA3B40006DEC5 /* LivesView.swift */; };
		8EB64E572D9EA9B60006DEC5 /* BubbleView.swift in Sources */ = {isa = PBXBuildFile; fileRef = 8EB64E562D9EA9B60006DEC5 /* BubbleView.swift */; };
		8EB64E592D9EAFEF0006DEC5 /* OptionsView.swift in Sources */ = {isa = PBXBuildFile; fileRef = 8EB64E582D9EAFEF0006DEC5 /* OptionsView.swift */; };
		8EB64E5B2D9EB3BB0006DEC5 /* GameOverView.swift in Sources */ = {isa = PBXBuildFile; fileRef = 8EB64E5A2D9EB3BB0006DEC5 /* GameOverView.swift */; };
/* End PBXBuildFile section */

/* Begin PBXFileReference section */
		8E6952592D9F15530048B608 /* EnterNewHighScoreView.swift */ = {isa = PBXFileReference; lastKnownFileType = sourcecode.swift; path = EnterNewHighScoreView.swift; sourceTree = "<group>"; };
		8E69525B2D9F19690048B608 /* HighScoreTitle.swift */ = {isa = PBXFileReference; lastKnownFileType = sourcecode.swift; path = HighScoreTitle.swift; sourceTree = "<group>"; };
		8E69525D2D9F19EF0048B608 /* VTextImage.swift */ = {isa = PBXFileReference; lastKnownFileType = sourcecode.swift; path = VTextImage.swift; sourceTree = "<group>"; };
		8E69525F2D9F1D730048B608 /* RankScoreView.swift */ = {isa = PBXFileReference; lastKnownFileType = sourcecode.swift; path = RankScoreView.swift; sourceTree = "<group>"; };
		8E6952612D9F202D0048B608 /* NumericExtension.swift */ = {isa = PBXFileReference; lastKnownFileType = sourcecode.swift; path = NumericExtension.swift; sourceTree = "<group>"; };
		8E6952632D9F265B0048B608 /* SelectOptionView.swift */ = {isa = PBXFileReference; lastKnownFileType = sourcecode.swift; path = SelectOptionView.swift; sourceTree = "<group>"; };
		8EB64E142D9E83410006DEC5 /* CoreDataMathGame.app */ = {isa = PBXFileReference; explicitFileType = wrapper.application; includeInIndex = 0; path = CoreDataMathGame.app; sourceTree = BUILT_PRODUCTS_DIR; };
		8EB64E172D9E83410006DEC5 /* CoreDataMathGameApp.swift */ = {isa = PBXFileReference; lastKnownFileType = sourcecode.swift; path = CoreDataMathGameApp.swift; sourceTree = "<group>"; };
		8EB64E192D9E83410006DEC5 /* ContentView.swift */ = {isa = PBXFileReference; lastKnownFileType = sourcecode.swift; path = ContentView.swift; sourceTree = "<group>"; };
		8EB64E1B2D9E83420006DEC5 /* Assets.xcassets */ = {isa = PBXFileReference; lastKnownFileType = folder.assetcatalog; path = Assets.xcassets; sourceTree = "<group>"; };
		8EB64E1E2D9E83420006DEC5 /* Preview Assets.xcassets */ = {isa = PBXFileReference; lastKnownFileType = folder.assetcatalog; path = "Preview Assets.xcassets"; sourceTree = "<group>"; };
		8EB64E2A2D9E8A660006DEC5 /* ImageConstants.swift */ = {isa = PBXFileReference; lastKnownFileType = sourcecode.swift; path = ImageConstants.swift; sourceTree = "<group>"; };
		8EB64E2C2D9E8BF70006DEC5 /* TestLocalizations.swift */ = {isa = PBXFileReference; lastKnownFileType = sourcecode.swift; path = TestLocalizations.swift; sourceTree = "<group>"; };
		8EB64E312D9E8CD30006DEC5 /* en */ = {isa = PBXFileReference; lastKnownFileType = text.plist.strings; name = en; path = en.lproj/Localizable.strings; sourceTree = "<group>"; };
		8EB64E332D9E8CD80006DEC5 /* ar */ = {isa = PBXFileReference; lastKnownFileType = text.plist.strings; name = ar; path = ar.lproj/Localizable.strings; sourceTree = "<group>"; };
		8EB64E342D9E8CD90006DEC5 /* el */ = {isa = PBXFileReference; lastKnownFileType = text.plist.strings; name = el; path = el.lproj/Localizable.strings; sourceTree = "<group>"; };
		8EB64E352D9E8CD90006DEC5 /* ru */ = {isa = PBXFileReference; lastKnownFileType = text.plist.strings; name = ru; path = ru.lproj/Localizable.strings; sourceTree = "<group>"; };
		8EB64E372D9E8DBD0006DEC5 /* HighScores.xcdatamodel */ = {isa = PBXFileReference; lastKnownFileType = wrapper.xcdatamodel; path = HighScores.xcdatamodel; sourceTree = "<group>"; };
		8EB64E392D9E8DF90006DEC5 /* HighScoreViewModel.swift */ = {isa = PBXFileReference; lastKnownFileType = sourcecode.swift; path = HighScoreViewModel.swift; sourceTree = "<group>"; };
		8EB64E3B2D9E8FF60006DEC5 /* PersistentController.swift */ = {isa = PBXFileReference; lastKnownFileType = sourcecode.swift; path = PersistentController.swift; sourceTree = "<group>"; };
		8EB64E3D2D9E94BE0006DEC5 /* ProblemModel.swift */ = {isa = PBXFileReference; lastKnownFileType = sourcecode.swift; path = ProblemModel.swift; sourceTree = "<group>"; };
		8EB64E402D9E98770006DEC5 /* GameModel.swift */ = {isa = PBXFileReference; lastKnownFileType = sourcecode.swift; path = GameModel.swift; sourceTree = "<group>"; };
		8EB64E422D9E99EB0006DEC5 /* AdditionGameViewModel.swift */ = {isa = PBXFileReference; lastKnownFileType = sourcecode.swift; path = AdditionGameViewModel.swift; sourceTree = "<group>"; };
		8EB64E442D9E9F300006DEC5 /* MainBackgroundView.swift */ = {isa = PBXFileReference; lastKnownFileType = sourcecode.swift; path = MainBackgroundView.swift; sourceTree = "<group>"; };
		8EB64E472D9EA04A0006DEC5 /* HighScoreBackgroundView.swift */ = {isa = PBXFileReference; lastKnownFileType = sourcecode.swift; path = HighScoreBackgroundView.swift; sourceTree = "<group>"; };
		8EB64E492D9EA0C00006DEC5 /* AdditionGameView.swift */ = {isa = PBXFileReference; lastKnownFileType = sourcecode.swift; path = AdditionGameView.swift; sourceTree = "<group>"; };
		8EB64E4B2D9EA1290006DEC5 /* HighScoreView.swift */ = {isa = PBXFileReference; lastKnownFileType = sourcecode.swift; path = HighScoreView.swift; sourceTree = "<group>"; };
		8EB64E4D2D9EA1B10006DEC5 /* ScoresLivesView.swift */ = {isa = PBXFileReference; lastKnownFileType = sourcecode.swift; path = ScoresLivesView.swift; sourceTree = "<group>"; };
		8EB64E4F2D9EA32C0006DEC5 /* TitleValueView.swift */ = {isa = PBXFileReference; lastKnownFileType = sourcecode.swift; path = TitleValueView.swift; sourceTree = "<group>"; };
		8EB64E512D9EA3B40006DEC5 /* LivesView.swift */ = {isa = PBXFileReference; lastKnownFileType = sourcecode.swift; path = LivesView.swift; sourceTree = "<group>"; };
		8EB64E562D9EA9B60006DEC5 /* BubbleView.swift */ = {isa = PBXFileReference; lastKnownFileType = sourcecode.swift; path = BubbleView.swift; sourceTree = "<group>"; };
		8EB64E582D9EAFEF0006DEC5 /* OptionsView.swift */ = {isa = PBXFileReference; lastKnownFileType = sourcecode.swift; path = OptionsView.swift; sourceTree = "<group>"; };
		8EB64E5A2D9EB3BB0006DEC5 /* GameOverView.swift */ = {isa = PBXFileReference; lastKnownFileType = sourcecode.swift; path = GameOverView.swift; sourceTree = "<group>"; };
/* End PBXFileReference section */

/* Begin PBXFrameworksBuildPhase section */
		8EB64E112D9E83410006DEC5 /* Frameworks */ = {
			isa = PBXFrameworksBuildPhase;
			buildActionMask = 2147483647;
			files = (
			);
			runOnlyForDeploymentPostprocessing = 0;
		};
/* End PBXFrameworksBuildPhase section */

/* Begin PBXGroup section */
		8EB64E0B2D9E83410006DEC5 = {
			isa = PBXGroup;
			children = (
				8EB64E162D9E83410006DEC5 /* CoreDataMathGame */,
				8EB64E152D9E83410006DEC5 /* Products */,
			);
			sourceTree = "<group>";
		};
		8EB64E152D9E83410006DEC5 /* Products */ = {
			isa = PBXGroup;
			children = (
				8EB64E142D9E83410006DEC5 /* CoreDataMathGame.app */,
			);
			name = Products;
			sourceTree = "<group>";
		};
		8EB64E162D9E83410006DEC5 /* CoreDataMathGame */ = {
			isa = PBXGroup;
			children = (
				8EB64E172D9E83410006DEC5 /* CoreDataMathGameApp.swift */,
				8EB64E292D9E84410006DEC5 /* Constants */,
				8EB64E282D9E843B0006DEC5 /* Extensions */,
				8EB64E272D9E84300006DEC5 /* Models */,
				8EB64E262D9E84280006DEC5 /* ViewModels */,
				8EB64E3F2D9E94C90006DEC5 /* CoreData */,
				8EB64E252D9E84250006DEC5 /* View */,
				8EB64E1B2D9E83420006DEC5 /* Assets.xcassets */,
				8EB64E1D2D9E83420006DEC5 /* Preview Content */,
			);
			path = CoreDataMathGame;
			sourceTree = "<group>";
		};
		8EB64E1D2D9E83420006DEC5 /* Preview Content */ = {
			isa = PBXGroup;
			children = (
				8EB64E1E2D9E83420006DEC5 /* Preview Assets.xcassets */,
			);
			path = "Preview Content";
			sourceTree = "<group>";
		};
		8EB64E252D9E84250006DEC5 /* View */ = {
			isa = PBXGroup;
			children = (
				8EB64E552D9EA78E0006DEC5 /* HelperViews */,
				8EB64E462D9EA0390006DEC5 /* BackgroundView */,
				8EB64E492D9EA0C00006DEC5 /* AdditionGameView.swift */,
				8EB64E4B2D9EA1290006DEC5 /* HighScoreView.swift */,
				8EB64E192D9E83410006DEC5 /* ContentView.swift */,
				8EB64E5A2D9EB3BB0006DEC5 /* GameOverView.swift */,
				8E6952592D9F15530048B608 /* EnterNewHighScoreView.swift */,
				8E69525B2D9F19690048B608 /* HighScoreTitle.swift */,
				8E69525D2D9F19EF0048B608 /* VTextImage.swift */,
				8E69525F2D9F1D730048B608 /* RankScoreView.swift */,
			);
			path = View;
			sourceTree = "<group>";
		};
		8EB64E262D9E84280006DEC5 /* ViewModels */ = {
			isa = PBXGroup;
			children = (
				8EB64E422D9E99EB0006DEC5 /* AdditionGameViewModel.swift */,
			);
			path = ViewModels;
			sourceTree = "<group>";
		};
		8EB64E272D9E84300006DEC5 /* Models */ = {
			isa = PBXGroup;
			children = (
				8EB64E3D2D9E94BE0006DEC5 /* ProblemModel.swift */,
				8EB64E402D9E98770006DEC5 /* GameModel.swift */,
			);
			path = Models;
			sourceTree = "<group>";
		};
		8EB64E282D9E843B0006DEC5 /* Extensions */ = {
			isa = PBXGroup;
			children = (
				8E6952612D9F202D0048B608 /* NumericExtension.swift */,
			);
			path = Extensions;
			sourceTree = "<group>";
		};
		8EB64E292D9E84410006DEC5 /* Constants */ = {
			isa = PBXGroup;
			children = (
				8EB64E2A2D9E8A660006DEC5 /* ImageConstants.swift */,
				8EB64E322D9E8CD30006DEC5 /* Localizable.strings */,
			);
			path = Constants;
			sourceTree = "<group>";
		};
		8EB64E3F2D9E94C90006DEC5 /* CoreData */ = {
			isa = PBXGroup;
			children = (
				8EB64E362D9E8DBD0006DEC5 /* HighScores.xcdatamodeld */,
				8EB64E392D9E8DF90006DEC5 /* HighScoreViewModel.swift */,
				8EB64E3B2D9E8FF60006DEC5 /* PersistentController.swift */,
			);
			path = CoreData;
			sourceTree = "<group>";
		};
		8EB64E462D9EA0390006DEC5 /* BackgroundView */ = {
			isa = PBXGroup;
			children = (
				8EB64E442D9E9F300006DEC5 /* MainBackgroundView.swift */,
				8EB64E472D9EA04A0006DEC5 /* HighScoreBackgroundView.swift */,
			);
			path = BackgroundView;
			sourceTree = "<group>";
		};
		8EB64E552D9EA78E0006DEC5 /* HelperViews */ = {
			isa = PBXGroup;
			children = (
				8E6952632D9F265B0048B608 /* SelectOptionView.swift */,
				8EB64E2C2D9E8BF70006DEC5 /* TestLocalizations.swift */,
				8EB64E4F2D9EA32C0006DEC5 /* TitleValueView.swift */,
				8EB64E512D9EA3B40006DEC5 /* LivesView.swift */,
				8EB64E4D2D9EA1B10006DEC5 /* ScoresLivesView.swift */,
				8EB64E562D9EA9B60006DEC5 /* BubbleView.swift */,
				8EB64E582D9EAFEF0006DEC5 /* OptionsView.swift */,
			);
			path = HelperViews;
			sourceTree = "<group>";
		};
/* End PBXGroup section */

/* Begin PBXNativeTarget section */
		8EB64E132D9E83410006DEC5 /* CoreDataMathGame */ = {
			isa = PBXNativeTarget;
			buildConfigurationList = 8EB64E222D9E83420006DEC5 /* Build configuration list for PBXNativeTarget "CoreDataMathGame" */;
			buildPhases = (
				8EB64E102D9E83410006DEC5 /* Sources */,
				8EB64E112D9E83410006DEC5 /* Frameworks */,
				8EB64E122D9E83410006DEC5 /* Resources */,
			);
			buildRules = (
			);
			dependencies = (
			);
			name = CoreDataMathGame;
			productName = CoreDataMathGame;
			productReference = 8EB64E142D9E83410006DEC5 /* CoreDataMathGame.app */;
			productType = "com.apple.product-type.application";
		};
/* End PBXNativeTarget section */

/* Begin PBXProject section */
		8EB64E0C2D9E83410006DEC5 /* Project object */ = {
			isa = PBXProject;
			attributes = {
				BuildIndependentTargetsInParallel = 1;
				LastSwiftUpdateCheck = 1430;
				LastUpgradeCheck = 1430;
				TargetAttributes = {
					8EB64E132D9E83410006DEC5 = {
						CreatedOnToolsVersion = 14.3;
					};
				};
			};
			buildConfigurationList = 8EB64E0F2D9E83410006DEC5 /* Build configuration list for PBXProject "CoreDataMathGame" */;
			compatibilityVersion = "Xcode 14.0";
			developmentRegion = en;
			hasScannedForEncodings = 0;
			knownRegions = (
				en,
				Base,
				ar,
				ru,
				el,
			);
			mainGroup = 8EB64E0B2D9E83410006DEC5;
			productRefGroup = 8EB64E152D9E83410006DEC5 /* Products */;
			projectDirPath = "";
			projectRoot = "";
			targets = (
				8EB64E132D9E83410006DEC5 /* CoreDataMathGame */,
			);
		};
/* End PBXProject section */

/* Begin PBXResourcesBuildPhase section */
		8EB64E122D9E83410006DEC5 /* Resources */ = {
			isa = PBXResourcesBuildPhase;
			buildActionMask = 2147483647;
			files = (
				8EB64E302D9E8CD30006DEC5 /* Localizable.strings in Resources */,
				8EB64E1F2D9E83420006DEC5 /* Preview Assets.xcassets in Resources */,
				8EB64E1C2D9E83420006DEC5 /* Assets.xcassets in Resources */,
			);
			runOnlyForDeploymentPostprocessing = 0;
		};
/* End PBXResourcesBuildPhase section */

/* Begin PBXSourcesBuildPhase section */
		8EB64E102D9E83410006DEC5 /* Sources */ = {
			isa = PBXSourcesBuildPhase;
			buildActionMask = 2147483647;
			files = (
				8EB64E1A2D9E83410006DEC5 /* ContentView.swift in Sources */,
				8E6952602D9F1D730048B608 /* RankScoreView.swift in Sources */,
				8EB64E3C2D9E8FF60006DEC5 /* PersistentController.swift in Sources */,
				8E6952642D9F265B0048B608 /* SelectOptionView.swift in Sources */,
				8EB64E4A2D9EA0C00006DEC5 /* AdditionGameView.swift in Sources */,
				8EB64E4C2D9EA1290006DEC5 /* HighScoreView.swift in Sources */,
				8EB64E4E2D9EA1B10006DEC5 /* ScoresLivesView.swift in Sources */,
				8EB64E452D9E9F300006DEC5 /* MainBackgroundView.swift in Sources */,
				8EB64E482D9EA04A0006DEC5 /* HighScoreBackgroundView.swift in Sources */,
				8EB64E412D9E98770006DEC5 /* GameModel.swift in Sources */,
				8EB64E2B2D9E8A660006DEC5 /* ImageConstants.swift in Sources */,
				8EB64E502D9EA32C0006DEC5 /* TitleValueView.swift in Sources */,
				8EB64E5B2D9EB3BB0006DEC5 /* GameOverView.swift in Sources */,
				8E6952622D9F202D0048B608 /* NumericExtension.swift in Sources */,
				8EB64E432D9E99EB0006DEC5 /* AdditionGameViewModel.swift in Sources */,
				8EB64E522D9EA3B40006DEC5 /* LivesView.swift in Sources */,
				8EB64E592D9EAFEF0006DEC5 /* OptionsView.swift in Sources */,
				8EB64E572D9EA9B60006DEC5 /* BubbleView.swift in Sources */,
				8E69525E2D9F19EF0048B608 /* VTextImage.swift in Sources */,
				8EB64E2D2D9E8BF70006DEC5 /* TestLocalizations.swift in Sources */,
				8EB64E382D9E8DBD0006DEC5 /* HighScores.xcdatamodeld in Sources */,
				8EB64E182D9E83410006DEC5 /* CoreDataMathGameApp.swift in Sources */,
				8EB64E3A2D9E8DF90006DEC5 /* HighScoreViewModel.swift in Sources */,
				8E69525C2D9F19690048B608 /* HighScoreTitle.swift in Sources */,
				8EB64E3E2D9E94BE0006DEC5 /* ProblemModel.swift in Sources */,
				8E69525A2D9F15530048B608 /* EnterNewHighScoreView.swift in Sources */,
			);
			runOnlyForDeploymentPostprocessing = 0;
		};
/* End PBXSourcesBuildPhase section */

/* Begin PBXVariantGroup section */
		8EB64E322D9E8CD30006DEC5 /* Localizable.strings */ = {
			isa = PBXVariantGroup;
			children = (
				8EB64E312D9E8CD30006DEC5 /* en */,
				8EB64E332D9E8CD80006DEC5 /* ar */,
				8EB64E342D9E8CD90006DEC5 /* el */,
				8EB64E352D9E8CD90006DEC5 /* ru */,
			);
			name = Localizable.strings;
			sourceTree = "<group>";
		};
/* End PBXVariantGroup section */

/* Begin XCBuildConfiguration section */
		8EB64E202D9E83420006DEC5 /* Debug */ = {
			isa = XCBuildConfiguration;
			buildSettings = {
				ALWAYS_SEARCH_USER_PATHS = NO;
				CLANG_ANALYZER_NONNULL = YES;
				CLANG_ANALYZER_NUMBER_OBJECT_CONVERSION = YES_AGGRESSIVE;
				CLANG_CXX_LANGUAGE_STANDARD = "gnu++20";
				CLANG_ENABLE_MODULES = YES;
				CLANG_ENABLE_OBJC_ARC = YES;
				CLANG_ENABLE_OBJC_WEAK = YES;
				CLANG_WARN_BLOCK_CAPTURE_AUTORELEASING = YES;
				CLANG_WARN_BOOL_CONVERSION = YES;
				CLANG_WARN_COMMA = YES;
				CLANG_WARN_CONSTANT_CONVERSION = YES;
				CLANG_WARN_DEPRECATED_OBJC_IMPLEMENTATIONS = YES;
				CLANG_WARN_DIRECT_OBJC_ISA_USAGE = YES_ERROR;
				CLANG_WARN_DOCUMENTATION_COMMENTS = YES;
				CLANG_WARN_EMPTY_BODY = YES;
				CLANG_WARN_ENUM_CONVERSION = YES;
				CLANG_WARN_INFINITE_RECURSION = YES;
				CLANG_WARN_INT_CONVERSION = YES;
				CLANG_WARN_NON_LITERAL_NULL_CONVERSION = YES;
				CLANG_WARN_OBJC_IMPLICIT_RETAIN_SELF = YES;
				CLANG_WARN_OBJC_LITERAL_CONVERSION = YES;
				CLANG_WARN_OBJC_ROOT_CLASS = YES_ERROR;
				CLANG_WARN_QUOTED_INCLUDE_IN_FRAMEWORK_HEADER = YES;
				CLANG_WARN_RANGE_LOOP_ANALYSIS = YES;
				CLANG_WARN_STRICT_PROTOTYPES = YES;
				CLANG_WARN_SUSPICIOUS_MOVE = YES;
				CLANG_WARN_UNGUARDED_AVAILABILITY = YES_AGGRESSIVE;
				CLANG_WARN_UNREACHABLE_CODE = YES;
				CLANG_WARN__DUPLICATE_METHOD_MATCH = YES;
				COPY_PHASE_STRIP = NO;
				DEBUG_INFORMATION_FORMAT = dwarf;
				ENABLE_STRICT_OBJC_MSGSEND = YES;
				ENABLE_TESTABILITY = YES;
				GCC_C_LANGUAGE_STANDARD = gnu11;
				GCC_DYNAMIC_NO_PIC = NO;
				GCC_NO_COMMON_BLOCKS = YES;
				GCC_OPTIMIZATION_LEVEL = 0;
				GCC_PREPROCESSOR_DEFINITIONS = (
					"DEBUG=1",
					"$(inherited)",
				);
				GCC_WARN_64_TO_32_BIT_CONVERSION = YES;
				GCC_WARN_ABOUT_RETURN_TYPE = YES_ERROR;
				GCC_WARN_UNDECLARED_SELECTOR = YES;
				GCC_WARN_UNINITIALIZED_AUTOS = YES_AGGRESSIVE;
				GCC_WARN_UNUSED_FUNCTION = YES;
				GCC_WARN_UNUSED_VARIABLE = YES;
				IPHONEOS_DEPLOYMENT_TARGET = 16.4;
				MTL_ENABLE_DEBUG_INFO = INCLUDE_SOURCE;
				MTL_FAST_MATH = YES;
				ONLY_ACTIVE_ARCH = YES;
				SDKROOT = iphoneos;
				SWIFT_ACTIVE_COMPILATION_CONDITIONS = DEBUG;
				SWIFT_OPTIMIZATION_LEVEL = "-Onone";
			};
			name = Debug;
		};
		8EB64E212D9E83420006DEC5 /* Release */ = {
			isa = XCBuildConfiguration;
			buildSettings = {
				ALWAYS_SEARCH_USER_PATHS = NO;
				CLANG_ANALYZER_NONNULL = YES;
				CLANG_ANALYZER_NUMBER_OBJECT_CONVERSION = YES_AGGRESSIVE;
				CLANG_CXX_LANGUAGE_STANDARD = "gnu++20";
				CLANG_ENABLE_MODULES = YES;
				CLANG_ENABLE_OBJC_ARC = YES;
				CLANG_ENABLE_OBJC_WEAK = YES;
				CLANG_WARN_BLOCK_CAPTURE_AUTORELEASING = YES;
				CLANG_WARN_BOOL_CONVERSION = YES;
				CLANG_WARN_COMMA = YES;
				CLANG_WARN_CONSTANT_CONVERSION = YES;
				CLANG_WARN_DEPRECATED_OBJC_IMPLEMENTATIONS = YES;
				CLANG_WARN_DIRECT_OBJC_ISA_USAGE = YES_ERROR;
				CLANG_WARN_DOCUMENTATION_COMMENTS = YES;
				CLANG_WARN_EMPTY_BODY = YES;
				CLANG_WARN_ENUM_CONVERSION = YES;
				CLANG_WARN_INFINITE_RECURSION = YES;
				CLANG_WARN_INT_CONVERSION = YES;
				CLANG_WARN_NON_LITERAL_NULL_CONVERSION = YES;
				CLANG_WARN_OBJC_IMPLICIT_RETAIN_SELF = YES;
				CLANG_WARN_OBJC_LITERAL_CONVERSION = YES;
				CLANG_WARN_OBJC_ROOT_CLASS = YES_ERROR;
				CLANG_WARN_QUOTED_INCLUDE_IN_FRAMEWORK_HEADER = YES;
				CLANG_WARN_RANGE_LOOP_ANALYSIS = YES;
				CLANG_WARN_STRICT_PROTOTYPES = YES;
				CLANG_WARN_SUSPICIOUS_MOVE = YES;
				CLANG_WARN_UNGUARDED_AVAILABILITY = YES_AGGRESSIVE;
				CLANG_WARN_UNREACHABLE_CODE = YES;
				CLANG_WARN__DUPLICATE_METHOD_MATCH = YES;
				COPY_PHASE_STRIP = NO;
				DEBUG_INFORMATION_FORMAT = "dwarf-with-dsym";
				ENABLE_NS_ASSERTIONS = NO;
				ENABLE_STRICT_OBJC_MSGSEND = YES;
				GCC_C_LANGUAGE_STANDARD = gnu11;
				GCC_NO_COMMON_BLOCKS = YES;
				GCC_WARN_64_TO_32_BIT_CONVERSION = YES;
				GCC_WARN_ABOUT_RETURN_TYPE = YES_ERROR;
				GCC_WARN_UNDECLARED_SELECTOR = YES;
				GCC_WARN_UNINITIALIZED_AUTOS = YES_AGGRESSIVE;
				GCC_WARN_UNUSED_FUNCTION = YES;
				GCC_WARN_UNUSED_VARIABLE = YES;
				IPHONEOS_DEPLOYMENT_TARGET = 16.4;
				MTL_ENABLE_DEBUG_INFO = NO;
				MTL_FAST_MATH = YES;
				SDKROOT = iphoneos;
				SWIFT_COMPILATION_MODE = wholemodule;
				SWIFT_OPTIMIZATION_LEVEL = "-O";
				VALIDATE_PRODUCT = YES;
			};
			name = Release;
		};
		8EB64E232D9E83420006DEC5 /* Debug */ = {
			isa = XCBuildConfiguration;
			buildSettings = {
				ASSETCATALOG_COMPILER_APPICON_NAME = AppIcon;
				ASSETCATALOG_COMPILER_GLOBAL_ACCENT_COLOR_NAME = AccentColor;
				CODE_SIGN_STYLE = Automatic;
				CURRENT_PROJECT_VERSION = 1;
				DEVELOPMENT_ASSET_PATHS = "\"CoreDataMathGame/Preview Content\"";
				DEVELOPMENT_TEAM = 5AZ59LLP74;
				ENABLE_PREVIEWS = YES;
				GENERATE_INFOPLIST_FILE = YES;
				INFOPLIST_KEY_UIApplicationSceneManifest_Generation = YES;
				INFOPLIST_KEY_UIApplicationSupportsIndirectInputEvents = YES;
				INFOPLIST_KEY_UILaunchScreen_Generation = YES;
				INFOPLIST_KEY_UISupportedInterfaceOrientations_iPad = "UIInterfaceOrientationPortrait UIInterfaceOrientationPortraitUpsideDown UIInterfaceOrientationLandscapeLeft UIInterfaceOrientationLandscapeRight";
				INFOPLIST_KEY_UISupportedInterfaceOrientations_iPhone = "UIInterfaceOrientationPortrait UIInterfaceOrientationLandscapeLeft UIInterfaceOrientationLandscapeRight";
				LD_RUNPATH_SEARCH_PATHS = (
					"$(inherited)",
					"@executable_path/Frameworks",
				);
				MARKETING_VERSION = 1.0;
				PRODUCT_BUNDLE_IDENTIFIER = ru.yandex.practicum.tracker.CoreDataMathGame;
				PRODUCT_NAME = "$(TARGET_NAME)";
				SWIFT_EMIT_LOC_STRINGS = YES;
				SWIFT_VERSION = 5.0;
				TARGETED_DEVICE_FAMILY = "1,2";
			};
			name = Debug;
		};
		8EB64E242D9E83420006DEC5 /* Release */ = {
			isa = XCBuildConfiguration;
			buildSettings = {
				ASSETCATALOG_COMPILER_APPICON_NAME = AppIcon;
				ASSETCATALOG_COMPILER_GLOBAL_ACCENT_COLOR_NAME = AccentColor;
				CODE_SIGN_STYLE = Automatic;
				CURRENT_PROJECT_VERSION = 1;
				DEVELOPMENT_ASSET_PATHS = "\"CoreDataMathGame/Preview Content\"";
				DEVELOPMENT_TEAM = 5AZ59LLP74;
				ENABLE_PREVIEWS = YES;
				GENERATE_INFOPLIST_FILE = YES;
				INFOPLIST_KEY_UIApplicationSceneManifest_Generation = YES;
				INFOPLIST_KEY_UIApplicationSupportsIndirectInputEvents = YES;
				INFOPLIST_KEY_UILaunchScreen_Generation = YES;
				INFOPLIST_KEY_UISupportedInterfaceOrientations_iPad = "UIInterfaceOrientationPortrait UIInterfaceOrientationPortraitUpsideDown UIInterfaceOrientationLandscapeLeft UIInterfaceOrientationLandscapeRight";
				INFOPLIST_KEY_UISupportedInterfaceOrientations_iPhone = "UIInterfaceOrientationPortrait UIInterfaceOrientationLandscapeLeft UIInterfaceOrientationLandscapeRight";
				LD_RUNPATH_SEARCH_PATHS = (
					"$(inherited)",
					"@executable_path/Frameworks",
				);
				MARKETING_VERSION = 1.0;
				PRODUCT_BUNDLE_IDENTIFIER = ru.yandex.practicum.tracker.CoreDataMathGame;
				PRODUCT_NAME = "$(TARGET_NAME)";
				SWIFT_EMIT_LOC_STRINGS = YES;
				SWIFT_VERSION = 5.0;
				TARGETED_DEVICE_FAMILY = "1,2";
			};
			name = Release;
		};
/* End XCBuildConfiguration section */

/* Begin XCConfigurationList section */
		8EB64E0F2D9E83410006DEC5 /* Build configuration list for PBXProject "CoreDataMathGame" */ = {
			isa = XCConfigurationList;
			buildConfigurations = (
				8EB64E202D9E83420006DEC5 /* Debug */,
				8EB64E212D9E83420006DEC5 /* Release */,
			);
			defaultConfigurationIsVisible = 0;
			defaultConfigurationName = Release;
		};
		8EB64E222D9E83420006DEC5 /* Build configuration list for PBXNativeTarget "CoreDataMathGame" */ = {
			isa = XCConfigurationList;
			buildConfigurations = (
				8EB64E232D9E83420006DEC5 /* Debug */,
				8EB64E242D9E83420006DEC5 /* Release */,
			);
			defaultConfigurationIsVisible = 0;
			defaultConfigurationName = Release;
		};
/* End XCConfigurationList section */

/* Begin XCVersionGroup section */
		8EB64E362D9E8DBD0006DEC5 /* HighScores.xcdatamodeld */ = {
			isa = XCVersionGroup;
			children = (
				8EB64E372D9E8DBD0006DEC5 /* HighScores.xcdatamodel */,
			);
			currentVersion = 8EB64E372D9E8DBD0006DEC5 /* HighScores.xcdatamodel */;
			path = HighScores.xcdatamodeld;
			sourceTree = "<group>";
			versionGroupType = wrapper.xcdatamodel;
		};
/* End XCVersionGroup section */
	};
	rootObject = 8EB64E0C2D9E83410006DEC5 /* Project object */;
}
